
Microsoft Visual Studio Solution File, Format Version 12.00
# Visual Studio Version 17
VisualStudioVersion = 17.9.34728.123
MinimumVisualStudioVersion = 10.0.40219.1
Project("{FAE04EC0-301F-11D3-BF4B-00C04F79EFBC}") = "VisualizadorNutricional", "VisualizadorNutricional\VisualizadorNutricional.csproj", "{7EF52F71-8B76-491E-A738-BFA27ECD9951}"
EndProject
Global
	GlobalSection(SolutionConfigurationPlatforms) = preSolution
		Debug|Any CPU = Debug|Any CPU
		Release|Any CPU = Release|Any CPU
	EndGlobalSection
	GlobalSection(ProjectConfigurationPlatforms) = postSolution
		{7EF52F71-8B76-491E-A738-BFA27ECD9951}.Debug|Any CPU.ActiveCfg = Debug|Any CPU
		{7EF52F71-8B76-491E-A738-BFA27ECD9951}.Debug|Any CPU.Build.0 = Debug|Any CPU
		{7EF52F71-8B76-491E-A738-BFA27ECD9951}.Release|Any CPU.ActiveCfg = Release|Any CPU
		{7EF52F71-8B76-491E-A738-BFA27ECD9951}.Release|Any CPU.Build.0 = Release|Any CPU
	EndGlobalSection
	GlobalSection(SolutionProperties) = preSolution
		HideSolutionNode = FALSE
	EndGlobalSection
	GlobalSection(ExtensibilityGlobals) = postSolution
		SolutionGuid = {5B6624AE-EDBE-45E0-BB7C-899DAB4AFFA9}
	EndGlobalSection
EndGlobal
